
Microsoft Visual Studio Solution File, Format Version 12.00
# Visual Studio Version 16
VisualStudioVersion = 16.0.30503.244
MinimumVisualStudioVersion = 10.0.40219.1
Project("{FAE04EC0-301F-11D3-BF4B-00C04F79EFBC}") = "DonateKartBackend", "DonateKartBackend\DonateKartBackend.csproj", "{EDA50DF2-A521-4A9B-9C77-D5AB6E30AE60}"
EndProject
Global
	GlobalSection(SolutionConfigurationPlatforms) = preSolution
		Debug|Any CPU = Debug|Any CPU
		Release|Any CPU = Release|Any CPU
	EndGlobalSection
	GlobalSection(ProjectConfigurationPlatforms) = postSolution
		{EDA50DF2-A521-4A9B-9C77-D5AB6E30AE60}.Debug|Any CPU.ActiveCfg = Debug|Any CPU
		{EDA50DF2-A521-4A9B-9C77-D5AB6E30AE60}.Debug|Any CPU.Build.0 = Debug|Any CPU
		{EDA50DF2-A521-4A9B-9C77-D5AB6E30AE60}.Release|Any CPU.ActiveCfg = Release|Any CPU
		{EDA50DF2-A521-4A9B-9C77-D5AB6E30AE60}.Release|Any CPU.Build.0 = Release|Any CPU
	EndGlobalSection
	GlobalSection(SolutionProperties) = preSolution
		HideSolutionNode = FALSE
	EndGlobalSection
	GlobalSection(ExtensibilityGlobals) = postSolution
		SolutionGuid = {5798E611-827C-4F8C-86A9-DBA8612CB2D0}
	EndGlobalSection
EndGlobal
